
Microsoft Visual Studio Solution File, Format Version 12.00
# Visual Studio Version 16
VisualStudioVersion = 16.0.30204.135
MinimumVisualStudioVersion = 10.0.40219.1
Project("{9A19103F-16F7-4668-BE54-9A1E7A4F7556}") = "Soccer.Common", "Soccer.Common\Soccer.Common.csproj", "{ADE7F939-57D7-44AD-8F4D-BDE3AD908899}"
EndProject
Project("{9A19103F-16F7-4668-BE54-9A1E7A4F7556}") = "Soccer.Web", "Soccer.Web\Soccer.Web.csproj", "{6915F390-2F8D-439C-B2C8-75D7936ABF05}"
EndProject
Project("{9A19103F-16F7-4668-BE54-9A1E7A4F7556}") = "Soccer.Pris", "Soccer.Pris\Soccer.Pris\Soccer.Pris.csproj", "{07EC8A8B-2438-4B8D-8BA7-93B102A3E183}"
EndProject
Project("{FAE04EC0-301F-11D3-BF4B-00C04F79EFBC}") = "Soccer.Pris.Android", "Soccer.Pris\Soccer.Pris.Android\Soccer.Pris.Android.csproj", "{CFDB9100-B256-431F-9E53-FD49A53E6C3E}"
EndProject
Project("{FAE04EC0-301F-11D3-BF4B-00C04F79EFBC}") = "Soccer.Pris.iOS", "Soccer.Pris\Soccer.Pris.iOS\Soccer.Pris.iOS.csproj", "{EAF4D04F-3F5E-4D3E-A71A-1899C1AF8990}"
EndProject
Project("{FAE04EC0-301F-11D3-BF4B-00C04F79EFBC}") = "Soccer.Cross.Android", "Soccer.Cross.Android\Soccer.Cross.Android.csproj", "{3F44069D-56FD-43B0-AFBB-C5FF2C205976}"
EndProject
Global
	GlobalSection(SolutionConfigurationPlatforms) = preSolution
		Ad-Hoc|Any CPU = Ad-Hoc|Any CPU
		Ad-Hoc|iPhone = Ad-Hoc|iPhone
		Ad-Hoc|iPhoneSimulator = Ad-Hoc|iPhoneSimulator
		AppStore|Any CPU = AppStore|Any CPU
		AppStore|iPhone = AppStore|iPhone
		AppStore|iPhoneSimulator = AppStore|iPhoneSimulator
		Debug|Any CPU = Debug|Any CPU
		Debug|iPhone = Debug|iPhone
		Debug|iPhoneSimulator = Debug|iPhoneSimulator
		Release|Any CPU = Release|Any CPU
		Release|iPhone = Release|iPhone
		Release|iPhoneSimulator = Release|iPhoneSimulator
	EndGlobalSection
	GlobalSection(ProjectConfigurationPlatforms) = postSolution
		{ADE7F939-57D7-44AD-8F4D-BDE3AD908899}.Ad-Hoc|Any CPU.ActiveCfg = Release|Any CPU
		{ADE7F939-57D7-44AD-8F4D-BDE3AD908899}.Ad-Hoc|Any CPU.Build.0 = Release|Any CPU
		{ADE7F939-57D7-44AD-8F4D-BDE3AD908899}.Ad-Hoc|iPhone.ActiveCfg = Release|Any CPU
		{ADE7F939-57D7-44AD-8F4D-BDE3AD908899}.Ad-Hoc|iPhone.Build.0 = Release|Any CPU
		{ADE7F939-57D7-44AD-8F4D-BDE3AD908899}.Ad-Hoc|iPhoneSimulator.ActiveCfg = Release|Any CPU
		{ADE7F939-57D7-44AD-8F4D-BDE3AD908899}.Ad-Hoc|iPhoneSimulator.Build.0 = Release|Any CPU
		{ADE7F939-57D7-44AD-8F4D-BDE3AD908899}.AppStore|Any CPU.ActiveCfg = Release|Any CPU
		{ADE7F939-57D7-44AD-8F4D-BDE3AD908899}.AppStore|Any CPU.Build.0 = Release|Any CPU
		{ADE7F939-57D7-44AD-8F4D-BDE3AD908899}.AppStore|iPhone.ActiveCfg = Release|Any CPU
		{ADE7F939-57D7-44AD-8F4D-BDE3AD908899}.AppStore|iPhone.Build.0 = Release|Any CPU
		{ADE7F939-57D7-44AD-8F4D-BDE3AD908899}.AppStore|iPhoneSimulator.ActiveCfg = Release|Any CPU
		{ADE7F939-57D7-44AD-8F4D-BDE3AD908899}.AppStore|iPhoneSimulator.Build.0 = Release|Any CPU
		{ADE7F939-57D7-44AD-8F4D-BDE3AD908899}.Debug|Any CPU.ActiveCfg = Debug|Any CPU
		{ADE7F939-57D7-44AD-8F4D-BDE3AD908899}.Debug|Any CPU.Build.0 = Debug|Any CPU
		{ADE7F939-57D7-44AD-8F4D-BDE3AD908899}.Debug|iPhone.ActiveCfg = Debug|Any CPU
		{ADE7F939-57D7-44AD-8F4D-BDE3AD908899}.Debug|iPhone.Build.0 = Debug|Any CPU
		{ADE7F939-57D7-44AD-8F4D-BDE3AD908899}.Debug|iPhoneSimulator.ActiveCfg = Debug|Any CPU
		{ADE7F939-57D7-44AD-8F4D-BDE3AD908899}.Debug|iPhoneSimulator.Build.0 = Debug|Any CPU
		{ADE7F939-57D7-44AD-8F4D-BDE3AD908899}.Release|Any CPU.ActiveCfg = Release|Any CPU
		{ADE7F939-57D7-44AD-8F4D-BDE3AD908899}.Release|Any CPU.Build.0 = Release|Any CPU
		{ADE7F939-57D7-44AD-8F4D-BDE3AD908899}.Release|iPhone.ActiveCfg = Release|Any CPU
		{ADE7F939-57D7-44AD-8F4D-BDE3AD908899}.Release|iPhone.Build.0 = Release|Any CPU
		{ADE7F939-57D7-44AD-8F4D-BDE3AD908899}.Release|iPhoneSimulator.ActiveCfg = Release|Any CPU
		{ADE7F939-57D7-44AD-8F4D-BDE3AD908899}.Release|iPhoneSimulator.Build.0 = Release|Any CPU
		{6915F390-2F8D-439C-B2C8-75D7936ABF05}.Ad-Hoc|Any CPU.ActiveCfg = Release|Any CPU
		{6915F390-2F8D-439C-B2C8-75D7936ABF05}.Ad-Hoc|Any CPU.Build.0 = Release|Any CPU
		{6915F390-2F8D-439C-B2C8-75D7936ABF05}.Ad-Hoc|iPhone.ActiveCfg = Release|Any CPU
		{6915F390-2F8D-439C-B2C8-75D7936ABF05}.Ad-Hoc|iPhone.Build.0 = Release|Any CPU
		{6915F390-2F8D-439C-B2C8-75D7936ABF05}.Ad-Hoc|iPhoneSimulator.ActiveCfg = Release|Any CPU
		{6915F390-2F8D-439C-B2C8-75D7936ABF05}.Ad-Hoc|iPhoneSimulator.Build.0 = Release|Any CPU
		{6915F390-2F8D-439C-B2C8-75D7936ABF05}.AppStore|Any CPU.ActiveCfg = Release|Any CPU
		{6915F390-2F8D-439C-B2C8-75D7936ABF05}.AppStore|Any CPU.Build.0 = Release|Any CPU
		{6915F390-2F8D-439C-B2C8-75D7936ABF05}.AppStore|iPhone.ActiveCfg = Release|Any CPU
		{6915F390-2F8D-439C-B2C8-75D7936ABF05}.AppStore|iPhone.Build.0 = Release|Any CPU
		{6915F390-2F8D-439C-B2C8-75D7936ABF05}.AppStore|iPhoneSimulator.ActiveCfg = Release|Any CPU
		{6915F390-2F8D-439C-B2C8-75D7936ABF05}.AppStore|iPhoneSimulator.Build.0 = Release|Any CPU
		{6915F390-2F8D-439C-B2C8-75D7936ABF05}.Debug|Any CPU.ActiveCfg = Debug|Any CPU
		{6915F390-2F8D-439C-B2C8-75D7936ABF05}.Debug|Any CPU.Build.0 = Debug|Any CPU
		{6915F390-2F8D-439C-B2C8-75D7936ABF05}.Debug|iPhone.ActiveCfg = Debug|Any CPU
		{6915F390-2F8D-439C-B2C8-75D7936ABF05}.Debug|iPhone.Build.0 = Debug|Any CPU
		{6915F390-2F8D-439C-B2C8-75D7936ABF05}.Debug|iPhoneSimulator.ActiveCfg = Debug|Any CPU
		{6915F390-2F8D-439C-B2C8-75D7936ABF05}.Debug|iPhoneSimulator.Build.0 = Debug|Any CPU
		{6915F390-2F8D-439C-B2C8-75D7936ABF05}.Release|Any CPU.ActiveCfg = Release|Any CPU
		{6915F390-2F8D-439C-B2C8-75D7936ABF05}.Release|Any CPU.Build.0 = Release|Any CPU
		{6915F390-2F8D-439C-B2C8-75D7936ABF05}.Release|iPhone.ActiveCfg = Release|Any CPU
		{6915F390-2F8D-439C-B2C8-75D7936ABF05}.Release|iPhone.Build.0 = Release|Any CPU
		{6915F390-2F8D-439C-B2C8-75D7936ABF05}.Release|iPhoneSimulator.ActiveCfg = Release|Any CPU
		{6915F390-2F8D-439C-B2C8-75D7936ABF05}.Release|iPhoneSimulator.Build.0 = Release|Any CPU
		{07EC8A8B-2438-4B8D-8BA7-93B102A3E183}.Ad-Hoc|Any CPU.ActiveCfg = Debug|Any CPU
		{07EC8A8B-2438-4B8D-8BA7-93B102A3E183}.Ad-Hoc|Any CPU.Build.0 = Debug|Any CPU
		{07EC8A8B-2438-4B8D-8BA7-93B102A3E183}.Ad-Hoc|iPhone.ActiveCfg = Debug|Any CPU
		{07EC8A8B-2438-4B8D-8BA7-93B102A3E183}.Ad-Hoc|iPhone.Build.0 = Debug|Any CPU
		{07EC8A8B-2438-4B8D-8BA7-93B102A3E183}.Ad-Hoc|iPhoneSimulator.ActiveCfg = Debug|Any CPU
		{07EC8A8B-2438-4B8D-8BA7-93B102A3E183}.Ad-Hoc|iPhoneSimulator.Build.0 = Debug|Any CPU
		{07EC8A8B-2438-4B8D-8BA7-93B102A3E183}.AppStore|Any CPU.ActiveCfg = Debug|Any CPU
		{07EC8A8B-2438-4B8D-8BA7-93B102A3E183}.AppStore|Any CPU.Build.0 = Debug|Any CPU
		{07EC8A8B-2438-4B8D-8BA7-93B102A3E183}.AppStore|iPhone.ActiveCfg = Debug|Any CPU
		{07EC8A8B-2438-4B8D-8BA7-93B102A3E183}.AppStore|iPhone.Build.0 = Debug|Any CPU
		{07EC8A8B-2438-4B8D-8BA7-93B102A3E183}.AppStore|iPhoneSimulator.ActiveCfg = Debug|Any CPU
		{07EC8A8B-2438-4B8D-8BA7-93B102A3E183}.AppStore|iPhoneSimulator.Build.0 = Debug|Any CPU
		{07EC8A8B-2438-4B8D-8BA7-93B102A3E183}.Debug|Any CPU.ActiveCfg = Debug|Any CPU
		{07EC8A8B-2438-4B8D-8BA7-93B102A3E183}.Debug|Any CPU.Build.0 = Debug|Any CPU
		{07EC8A8B-2438-4B8D-8BA7-93B102A3E183}.Debug|iPhone.ActiveCfg = Debug|Any CPU
		{07EC8A8B-2438-4B8D-8BA7-93B102A3E183}.Debug|iPhone.Build.0 = Debug|Any CPU
		{07EC8A8B-2438-4B8D-8BA7-93B102A3E183}.Debug|iPhoneSimulator.ActiveCfg = Debug|Any CPU
		{07EC8A8B-2438-4B8D-8BA7-93B102A3E183}.Debug|iPhoneSimulator.Build.0 = Debug|Any CPU
		{07EC8A8B-2438-4B8D-8BA7-93B102A3E183}.Release|Any CPU.ActiveCfg = Release|Any CPU
		{07EC8A8B-2438-4B8D-8BA7-93B102A3E183}.Release|Any CPU.Build.0 = Release|Any CPU
		{07EC8A8B-2438-4B8D-8BA7-93B102A3E183}.Release|iPhone.ActiveCfg = Release|Any CPU
		{07EC8A8B-2438-4B8D-8BA7-93B102A3E183}.Release|iPhone.Build.0 = Release|Any CPU
		{07EC8A8B-2438-4B8D-8BA7-93B102A3E183}.Release|iPhoneSimulator.ActiveCfg = Release|Any CPU
		{07EC8A8B-2438-4B8D-8BA7-93B102A3E183}.Release|iPhoneSimulator.Build.0 = Release|Any CPU
		{CFDB9100-B256-431F-9E53-FD49A53E6C3E}.Ad-Hoc|Any CPU.ActiveCfg = Release|Any CPU
		{CFDB9100-B256-431F-9E53-FD49A53E6C3E}.Ad-Hoc|Any CPU.Build.0 = Release|Any CPU
		{CFDB9100-B256-431F-9E53-FD49A53E6C3E}.Ad-Hoc|Any CPU.Deploy.0 = Release|Any CPU
		{CFDB9100-B256-431F-9E53-FD49A53E6C3E}.Ad-Hoc|iPhone.ActiveCfg = Release|Any CPU
		{CFDB9100-B256-431F-9E53-FD49A53E6C3E}.Ad-Hoc|iPhone.Build.0 = Release|Any CPU
		{CFDB9100-B256-431F-9E53-FD49A53E6C3E}.Ad-Hoc|iPhone.Deploy.0 = Release|Any CPU
		{CFDB9100-B256-431F-9E53-FD49A53E6C3E}.Ad-Hoc|iPhoneSimulator.ActiveCfg = Release|Any CPU
		{CFDB9100-B256-431F-9E53-FD49A53E6C3E}.Ad-Hoc|iPhoneSimulator.Build.0 = Release|Any CPU
		{CFDB9100-B256-431F-9E53-FD49A53E6C3E}.Ad-Hoc|iPhoneSimulator.Deploy.0 = Release|Any CPU
		{CFDB9100-B256-431F-9E53-FD49A53E6C3E}.AppStore|Any CPU.ActiveCfg = Release|Any CPU
		{CFDB9100-B256-431F-9E53-FD49A53E6C3E}.AppStore|Any CPU.Build.0 = Release|Any CPU
		{CFDB9100-B256-431F-9E53-FD49A53E6C3E}.AppStore|Any CPU.Deploy.0 = Release|Any CPU
		{CFDB9100-B256-431F-9E53-FD49A53E6C3E}.AppStore|iPhone.ActiveCfg = Release|Any CPU
		{CFDB9100-B256-431F-9E53-FD49A53E6C3E}.AppStore|iPhone.Build.0 = Release|Any CPU
		{CFDB9100-B256-431F-9E53-FD49A53E6C3E}.AppStore|iPhone.Deploy.0 = Release|Any CPU
		{CFDB9100-B256-431F-9E53-FD49A53E6C3E}.AppStore|iPhoneSimulator.ActiveCfg = Release|Any CPU
		{CFDB9100-B256-431F-9E53-FD49A53E6C3E}.AppStore|iPhoneSimulator.Build.0 = Release|Any CPU
		{CFDB9100-B256-431F-9E53-FD49A53E6C3E}.AppStore|iPhoneSimulator.Deploy.0 = Release|Any CPU
		{CFDB9100-B256-431F-9E53-FD49A53E6C3E}.Debug|Any CPU.ActiveCfg = Debug|Any CPU
		{CFDB9100-B256-431F-9E53-FD49A53E6C3E}.Debug|Any CPU.Build.0 = Debug|Any CPU
		{CFDB9100-B256-431F-9E53-FD49A53E6C3E}.Debug|Any CPU.Deploy.0 = Debug|Any CPU
		{CFDB9100-B256-431F-9E53-FD49A53E6C3E}.Debug|iPhone.ActiveCfg = Debug|Any CPU
		{CFDB9100-B256-431F-9E53-FD49A53E6C3E}.Debug|iPhone.Build.0 = Debug|Any CPU
		{CFDB9100-B256-431F-9E53-FD49A53E6C3E}.Debug|iPhone.Deploy.0 = Debug|Any CPU
		{CFDB9100-B256-431F-9E53-FD49A53E6C3E}.Debug|iPhoneSimulator.ActiveCfg = Debug|Any CPU
		{CFDB9100-B256-431F-9E53-FD49A53E6C3E}.Debug|iPhoneSimulator.Build.0 = Debug|Any CPU
		{CFDB9100-B256-431F-9E53-FD49A53E6C3E}.Debug|iPhoneSimulator.Deploy.0 = Debug|Any CPU
		{CFDB9100-B256-431F-9E53-FD49A53E6C3E}.Release|Any CPU.ActiveCfg = Release|Any CPU
		{CFDB9100-B256-431F-9E53-FD49A53E6C3E}.Release|Any CPU.Build.0 = Release|Any CPU
		{CFDB9100-B256-431F-9E53-FD49A53E6C3E}.Release|Any CPU.Deploy.0 = Release|Any CPU
		{CFDB9100-B256-431F-9E53-FD49A53E6C3E}.Release|iPhone.ActiveCfg = Release|Any CPU
		{CFDB9100-B256-431F-9E53-FD49A53E6C3E}.Release|iPhone.Build.0 = Release|Any CPU
		{CFDB9100-B256-431F-9E53-FD49A53E6C3E}.Release|iPhone.Deploy.0 = Release|Any CPU
		{CFDB9100-B256-431F-9E53-FD49A53E6C3E}.Release|iPhoneSimulator.ActiveCfg = Release|Any CPU
		{CFDB9100-B256-431F-9E53-FD49A53E6C3E}.Release|iPhoneSimulator.Build.0 = Release|Any CPU
		{CFDB9100-B256-431F-9E53-FD49A53E6C3E}.Release|iPhoneSimulator.Deploy.0 = Release|Any CPU
		{EAF4D04F-3F5E-4D3E-A71A-1899C1AF8990}.Ad-Hoc|Any CPU.ActiveCfg = Ad-Hoc|iPhone
		{EAF4D04F-3F5E-4D3E-A71A-1899C1AF8990}.Ad-Hoc|iPhone.ActiveCfg = Ad-Hoc|iPhone
		{EAF4D04F-3F5E-4D3E-A71A-1899C1AF8990}.Ad-Hoc|iPhone.Build.0 = Ad-Hoc|iPhone
		{EAF4D04F-3F5E-4D3E-A71A-1899C1AF8990}.Ad-Hoc|iPhoneSimulator.ActiveCfg = Ad-Hoc|iPhoneSimulator
		{EAF4D04F-3F5E-4D3E-A71A-1899C1AF8990}.Ad-Hoc|iPhoneSimulator.Build.0 = Ad-Hoc|iPhoneSimulator
		{EAF4D04F-3F5E-4D3E-A71A-1899C1AF8990}.AppStore|Any CPU.ActiveCfg = AppStore|iPhone
		{EAF4D04F-3F5E-4D3E-A71A-1899C1AF8990}.AppStore|iPhone.ActiveCfg = AppStore|iPhone
		{EAF4D04F-3F5E-4D3E-A71A-1899C1AF8990}.AppStore|iPhone.Build.0 = AppStore|iPhone
		{EAF4D04F-3F5E-4D3E-A71A-1899C1AF8990}.AppStore|iPhoneSimulator.ActiveCfg = AppStore|iPhoneSimulator
		{EAF4D04F-3F5E-4D3E-A71A-1899C1AF8990}.AppStore|iPhoneSimulator.Build.0 = AppStore|iPhoneSimulator
		{EAF4D04F-3F5E-4D3E-A71A-1899C1AF8990}.Debug|Any CPU.ActiveCfg = Debug|iPhone
		{EAF4D04F-3F5E-4D3E-A71A-1899C1AF8990}.Debug|iPhone.ActiveCfg = Debug|iPhone
		{EAF4D04F-3F5E-4D3E-A71A-1899C1AF8990}.Debug|iPhone.Build.0 = Debug|iPhone
		{EAF4D04F-3F5E-4D3E-A71A-1899C1AF8990}.Debug|iPhoneSimulator.ActiveCfg = Debug|iPhoneSimulator
		{EAF4D04F-3F5E-4D3E-A71A-1899C1AF8990}.Debug|iPhoneSimulator.Build.0 = Debug|iPhoneSimulator
		{EAF4D04F-3F5E-4D3E-A71A-1899C1AF8990}.Release|Any CPU.ActiveCfg = Release|iPhone
		{EAF4D04F-3F5E-4D3E-A71A-1899C1AF8990}.Release|iPhone.ActiveCfg = Release|iPhone
		{EAF4D04F-3F5E-4D3E-A71A-1899C1AF8990}.Release|iPhone.Build.0 = Release|iPhone
		{EAF4D04F-3F5E-4D3E-A71A-1899C1AF8990}.Release|iPhoneSimulator.ActiveCfg = Release|iPhoneSimulator
		{EAF4D04F-3F5E-4D3E-A71A-1899C1AF8990}.Release|iPhoneSimulator.Build.0 = Release|iPhoneSimulator
		{3F44069D-56FD-43B0-AFBB-C5FF2C205976}.Ad-Hoc|Any CPU.ActiveCfg = Release|Any CPU
		{3F44069D-56FD-43B0-AFBB-C5FF2C205976}.Ad-Hoc|Any CPU.Build.0 = Release|Any CPU
		{3F44069D-56FD-43B0-AFBB-C5FF2C205976}.Ad-Hoc|Any CPU.Deploy.0 = Release|Any CPU
		{3F44069D-56FD-43B0-AFBB-C5FF2C205976}.Ad-Hoc|iPhone.ActiveCfg = Release|Any CPU
		{3F44069D-56FD-43B0-AFBB-C5FF2C205976}.Ad-Hoc|iPhone.Build.0 = Release|Any CPU
		{3F44069D-56FD-43B0-AFBB-C5FF2C205976}.Ad-Hoc|iPhone.Deploy.0 = Release|Any CPU
		{3F44069D-56FD-43B0-AFBB-C5FF2C205976}.Ad-Hoc|iPhoneSimulator.ActiveCfg = Release|Any CPU
		{3F44069D-56FD-43B0-AFBB-C5FF2C205976}.Ad-Hoc|iPhoneSimulator.Build.0 = Release|Any CPU
		{3F44069D-56FD-43B0-AFBB-C5FF2C205976}.Ad-Hoc|iPhoneSimulator.Deploy.0 = Release|Any CPU
		{3F44069D-56FD-43B0-AFBB-C5FF2C205976}.AppStore|Any CPU.ActiveCfg = Release|Any CPU
		{3F44069D-56FD-43B0-AFBB-C5FF2C205976}.AppStore|Any CPU.Build.0 = Release|Any CPU
		{3F44069D-56FD-43B0-AFBB-C5FF2C205976}.AppStore|Any CPU.Deploy.0 = Release|Any CPU
		{3F44069D-56FD-43B0-AFBB-C5FF2C205976}.AppStore|iPhone.ActiveCfg = Release|Any CPU
		{3F44069D-56FD-43B0-AFBB-C5FF2C205976}.AppStore|iPhone.Build.0 = Release|Any CPU
		{3F44069D-56FD-43B0-AFBB-C5FF2C205976}.AppStore|iPhone.Deploy.0 = Release|Any CPU
		{3F44069D-56FD-43B0-AFBB-C5FF2C205976}.AppStore|iPhoneSimulator.ActiveCfg = Release|Any CPU
		{3F44069D-56FD-43B0-AFBB-C5FF2C205976}.AppStore|iPhoneSimulator.Build.0 = Release|Any CPU
		{3F44069D-56FD-43B0-AFBB-C5FF2C205976}.AppStore|iPhoneSimulator.Deploy.0 = Release|Any CPU
		{3F44069D-56FD-43B0-AFBB-C5FF2C205976}.Debug|Any CPU.ActiveCfg = Debug|Any CPU
		{3F44069D-56FD-43B0-AFBB-C5FF2C205976}.Debug|Any CPU.Build.0 = Debug|Any CPU
		{3F44069D-56FD-43B0-AFBB-C5FF2C205976}.Debug|Any CPU.Deploy.0 = Debug|Any CPU
		{3F44069D-56FD-43B0-AFBB-C5FF2C205976}.Debug|iPhone.ActiveCfg = Debug|Any CPU
		{3F44069D-56FD-43B0-AFBB-C5FF2C205976}.Debug|iPhone.Build.0 = Debug|Any CPU
		{3F44069D-56FD-43B0-AFBB-C5FF2C205976}.Debug|iPhone.Deploy.0 = Debug|Any CPU
		{3F44069D-56FD-43B0-AFBB-C5FF2C205976}.Debug|iPhoneSimulator.ActiveCfg = Debug|Any CPU
		{3F44069D-56FD-43B0-AFBB-C5FF2C205976}.Debug|iPhoneSimulator.Build.0 = Debug|Any CPU
		{3F44069D-56FD-43B0-AFBB-C5FF2C205976}.Debug|iPhoneSimulator.Deploy.0 = Debug|Any CPU
		{3F44069D-56FD-43B0-AFBB-C5FF2C205976}.Release|Any CPU.ActiveCfg = Release|Any CPU
		{3F44069D-56FD-43B0-AFBB-C5FF2C205976}.Release|Any CPU.Build.0 = Release|Any CPU
		{3F44069D-56FD-43B0-AFBB-C5FF2C205976}.Release|Any CPU.Deploy.0 = Release|Any CPU
		{3F44069D-56FD-43B0-AFBB-C5FF2C205976}.Release|iPhone.ActiveCfg = Release|Any CPU
		{3F44069D-56FD-43B0-AFBB-C5FF2C205976}.Release|iPhone.Build.0 = Release|Any CPU
		{3F44069D-56FD-43B0-AFBB-C5FF2C205976}.Release|iPhone.Deploy.0 = Release|Any CPU
		{3F44069D-56FD-43B0-AFBB-C5FF2C205976}.Release|iPhoneSimulator.ActiveCfg = Release|Any CPU
		{3F44069D-56FD-43B0-AFBB-C5FF2C205976}.Release|iPhoneSimulator.Build.0 = Release|Any CPU
		{3F44069D-56FD-43B0-AFBB-C5FF2C205976}.Release|iPhoneSimulator.Deploy.0 = Release|Any CPU
	EndGlobalSection
	GlobalSection(SolutionProperties) = preSolution
		HideSolutionNode = FALSE
	EndGlobalSection
	GlobalSection(ExtensibilityGlobals) = postSolution
		SolutionGuid = {E17569F9-A12B-41A9-8D23-B90291BEC1BA}
	EndGlobalSection
EndGlobal
